
Microsoft Visual Studio Solution File, Format Version 12.00
# Visual Studio Version 17
VisualStudioVersion = 17.3.32929.385
MinimumVisualStudioVersion = 10.0.40219.1
Project("{FAE04EC0-301F-11D3-BF4B-00C04F79EFBC}") = "Assignment3", "Assignment3\Assignment3.csproj", "{C889DF7C-CEEB-4B97-A34B-4CD55DB17392}"
EndProject
Global
	GlobalSection(SolutionConfigurationPlatforms) = preSolution
		Debug|Any CPU = Debug|Any CPU
		Release|Any CPU = Release|Any CPU
	EndGlobalSection
	GlobalSection(ProjectConfigurationPlatforms) = postSolution
		{C889DF7C-CEEB-4B97-A34B-4CD55DB17392}.Debug|Any CPU.ActiveCfg = Debug|Any CPU
		{C889DF7C-CEEB-4B97-A34B-4CD55DB17392}.Debug|Any CPU.Build.0 = Debug|Any CPU
		{C889DF7C-CEEB-4B97-A34B-4CD55DB17392}.Release|Any CPU.ActiveCfg = Release|Any CPU
		{C889DF7C-CEEB-4B97-A34B-4CD55DB17392}.Release|Any CPU.Build.0 = Release|Any CPU
	EndGlobalSection
	GlobalSection(SolutionProperties) = preSolution
		HideSolutionNode = FALSE
	EndGlobalSection
	GlobalSection(ExtensibilityGlobals) = postSolution
		SolutionGuid = {2C0A1A70-7C8D-4325-9C98-92BA6CAABF8F}
	EndGlobalSection
EndGlobal
